# THIS IS AN AUTOGENERATED FILE. DO NOT EDIT THIS FILE DIRECTLY.
# yarn lockfile v1


"@babel/runtime@^7.16.3":
  version "7.16.7"
  resolved "https://registry.yarnpkg.com/@babel/runtime/-/runtime-7.16.7.tgz#03ff99f64106588c9c403c6ecb8c3bafbbdff1fa"
  integrity sha512-9E9FJowqAsytyOY6LG+1KuueckRL+aQW+mKvXRXnuFGyRAyepJPmEo9vgMfXUA6O9u3IeEdv9MAkppFcaQwogQ==
  dependencies:
    regenerator-runtime "^0.13.4"

"@codemirror/autocomplete@^0.19.0":
  version "0.19.9"
  resolved "https://registry.yarnpkg.com/@codemirror/autocomplete/-/autocomplete-0.19.9.tgz#28b6600ad617bdc8dfeb0102a1df8cc61883d87c"
  integrity sha512-Ph1LWHtFFqNUIqEVrws6I263ihe5TH+TRBPwxQ78j7st7Q67FDAmgKX6mNbUPh02dxfqQrc9qxlo5JIqKeiVdg==
  dependencies:
    "@codemirror/language" "^0.19.0"
    "@codemirror/state" "^0.19.4"
    "@codemirror/text" "^0.19.2"
    "@codemirror/tooltip" "^0.19.0"
    "@codemirror/view" "^0.19.0"
    "@lezer/common" "^0.15.0"

"@codemirror/basic-setup@^0.19.0":
  version "0.19.1"
  resolved "https://registry.yarnpkg.com/@codemirror/basic-setup/-/basic-setup-0.19.1.tgz#17b27d02f15c628eb62a85d01e3e1b1958933eb4"
  integrity sha512-gLjD7YgZU/we6BzS/ecCmD3viw83dsgv5ZUaSydYbYx9X4w4w9RqYnckcJ+0GDyHfNr5Jtfv2Z5ZtFQnBj0UDA==
  dependencies:
    "@codemirror/autocomplete" "^0.19.0"
    "@codemirror/closebrackets" "^0.19.0"
    "@codemirror/commands" "^0.19.0"
    "@codemirror/comment" "^0.19.0"
    "@codemirror/fold" "^0.19.0"
    "@codemirror/gutter" "^0.19.0"
    "@codemirror/highlight" "^0.19.0"
    "@codemirror/history" "^0.19.0"
    "@codemirror/language" "^0.19.0"
    "@codemirror/lint" "^0.19.0"
    "@codemirror/matchbrackets" "^0.19.0"
    "@codemirror/rectangular-selection" "^0.19.0"
    "@codemirror/search" "^0.19.0"
    "@codemirror/state" "^0.19.0"
    "@codemirror/view" "^0.19.31"

"@codemirror/closebrackets@^0.19.0":
  version "0.19.0"
  resolved "https://registry.yarnpkg.com/@codemirror/closebrackets/-/closebrackets-0.19.0.tgz#69fdcee85779d638a00a42becd9f53a33a26d77f"
  integrity sha512-dFWX5OEVYWRNtGaifSbwIAlymnRRjxWMiMbffbAjF7p0zfGHDbdGkiT56q3Xud63h5/tQdSo5dK1iyNTzHz5vg==
  dependencies:
    "@codemirror/language" "^0.19.0"
    "@codemirror/rangeset" "^0.19.0"
    "@codemirror/state" "^0.19.0"
    "@codemirror/text" "^0.19.0"
    "@codemirror/view" "^0.19.0"

"@codemirror/commands@^0.19.0":
  version "0.19.6"
  resolved "https://registry.yarnpkg.com/@codemirror/commands/-/commands-0.19.6.tgz#1568cf2c45a05864c1a4229575c5ac367ebbad9f"
  integrity sha512-Mjc3ZfTifOn0h5499xI3MfCVIZvO2I0ochgzxfRtPOFwfXX/k7HTgnK0/KzuGDINyxUVeDaFCkf53TyyWjdxMQ==
  dependencies:
    "@codemirror/language" "^0.19.0"
    "@codemirror/matchbrackets" "^0.19.0"
    "@codemirror/state" "^0.19.2"
    "@codemirror/text" "^0.19.0"
    "@codemirror/view" "^0.19.22"
    "@lezer/common" "^0.15.0"

"@codemirror/comment@^0.19.0":
  version "0.19.0"
  resolved "https://registry.yarnpkg.com/@codemirror/comment/-/comment-0.19.0.tgz#4f23497924e9346898c2e0123011acc535a0bea6"
  integrity sha512-3hqAd0548fxqOBm4khFMcXVIivX8p0bSlbAuZJ6PNoUn/0wXhxkxowPp0FmFzU2+y37Z+ZQF5cRB5EREWPRIiQ==
  dependencies:
    "@codemirror/state" "^0.19.0"
    "@codemirror/text" "^0.19.0"
    "@codemirror/view" "^0.19.0"

"@codemirror/fold@^0.19.0":
  version "0.19.2"
  resolved "https://registry.yarnpkg.com/@codemirror/fold/-/fold-0.19.2.tgz#9d4e0c0f9f3bb2fcded7d82bea14ce39310e8e2a"
  integrity sha512-FLi6RBhHPBnSbKZEu1S98z+VYSP5678cMdYVqhR58OWWTkEiLRVPeCTj8FhRKNL9B8Gx+lBQhGq3uwr3KtSs8w==
  dependencies:
    "@codemirror/gutter" "^0.19.0"
    "@codemirror/language" "^0.19.0"
    "@codemirror/rangeset" "^0.19.0"
    "@codemirror/state" "^0.19.0"
    "@codemirror/view" "^0.19.22"

"@codemirror/gutter@^0.19.0", "@codemirror/gutter@^0.19.4":
  version "0.19.9"
  resolved "https://registry.yarnpkg.com/@codemirror/gutter/-/gutter-0.19.9.tgz#bbb69f4d49570d9c1b3f3df5d134980c516cd42b"
  integrity sha512-PFrtmilahin1g6uL27aG5tM/rqR9DZzZYZsIrCXA5Uc2OFTFqx4owuhoU9hqfYxHp5ovfvBwQ+txFzqS4vog6Q==
  dependencies:
    "@codemirror/rangeset" "^0.19.0"
    "@codemirror/state" "^0.19.0"
    "@codemirror/view" "^0.19.23"

"@codemirror/highlight@^0.19.0", "@codemirror/highlight@^0.19.6":
  version "0.19.6"
  resolved "https://registry.yarnpkg.com/@codemirror/highlight/-/highlight-0.19.6.tgz#7f2e066f83f5649e8e0748a3abe0aaeaf64b8ac2"
  integrity sha512-+eibu6on9quY8uN3xJ/n3rH+YIDLlpX7YulVmFvqAIz/ukRQ5tWaBmB7fMixHmnmRIRBRZgB8rNtonuMwZSAHQ==
  dependencies:
    "@codemirror/language" "^0.19.0"
    "@codemirror/rangeset" "^0.19.0"
    "@codemirror/state" "^0.19.0"
    "@codemirror/view" "^0.19.0"
    "@lezer/common" "^0.15.0"
    style-mod "^4.0.0"

"@codemirror/history@^0.19.0":
  version "0.19.1"
  resolved "https://registry.yarnpkg.com/@codemirror/history/-/history-0.19.1.tgz#02ad9497ffbaad96f506848e7573900abee5b1b3"
  integrity sha512-mcm856QzHj2K6it7XPtKN1lcQ15tB+A5XRtRix9GHRQak4bbY0ljqYJFxD4wNEAAb4uC2axUyl4yEW57DHJmdQ==
  dependencies:
    "@codemirror/state" "^0.19.2"
    "@codemirror/view" "^0.19.0"

"@codemirror/lang-javascript@^0.19.3":
  version "0.19.3"
  resolved "https://registry.yarnpkg.com/@codemirror/lang-javascript/-/lang-javascript-0.19.3.tgz#281b3447d8b65d98311ebf25893ef5c30a11418b"
  integrity sha512-2NE5z98Nz9Rv4OS5UtgehCSnyQjac+P85+evzy1D/4wllp/EPaHIEEtSP1daBvrLy49SdI/9vES3ZJu6rSv4/w==
  dependencies:
    "@codemirror/autocomplete" "^0.19.0"
    "@codemirror/highlight" "^0.19.6"
    "@codemirror/language" "^0.19.0"
    "@codemirror/lint" "^0.19.0"
    "@codemirror/state" "^0.19.0"
    "@codemirror/view" "^0.19.0"
    "@lezer/javascript" "^0.15.1"

"@codemirror/lang-rust@^0.19.1":
  version "0.19.1"
  resolved "https://registry.yarnpkg.com/@codemirror/lang-rust/-/lang-rust-0.19.1.tgz#3ed1386bbc825ae5dbd09b28f31a9ee4ec0dae86"
  integrity sha512-T/LzRC5bMPvkMg11kr/jnpScqsE68B+F0SYqjyQTzQ+666RhHJICDCSlk7wbIrJi/fagpBwvuAmo2LgQ8dcGsQ==
  dependencies:
    "@codemirror/highlight" "^0.19.0"
    "@codemirror/language" "^0.19.0"
    "@lezer/rust" "^0.15.0"

"@codemirror/language@^0.19.0":
  version "0.19.7"
  resolved "https://registry.yarnpkg.com/@codemirror/language/-/language-0.19.7.tgz#9eef8e827692d93a701b18db9d46a42be34ecca6"
  integrity sha512-pNNUtYWMIMG0lUSKyUXJr8U0rFiCKsKFXbA2Oj17PC+S1FY99hV0z1vcntW67ekAIZw9DMEUQnLsKBuIbAUX7Q==
  dependencies:
    "@codemirror/state" "^0.19.0"
    "@codemirror/text" "^0.19.0"
    "@codemirror/view" "^0.19.0"
    "@lezer/common" "^0.15.5"
    "@lezer/lr" "^0.15.0"

"@codemirror/lint@^0.19.0":
  version "0.19.3"
  resolved "https://registry.yarnpkg.com/@codemirror/lint/-/lint-0.19.3.tgz#84101d0967fea8df114a8f0f79965c22ccd3b3cc"
  integrity sha512-+c39s05ybD2NjghxkPFsUbH/qBL0cdzKmtHbzUm0RVspeL2OiP7uHYJ6J5+Qr9RjMIPWzcqSauRqxfmCrctUfg==
  dependencies:
    "@codemirror/gutter" "^0.19.4"
    "@codemirror/panel" "^0.19.0"
    "@codemirror/rangeset" "^0.19.1"
    "@codemirror/state" "^0.19.4"
    "@codemirror/tooltip" "^0.19.5"
    "@codemirror/view" "^0.19.0"
    crelt "^1.0.5"

"@codemirror/matchbrackets@^0.19.0":
  version "0.19.3"
  resolved "https://registry.yarnpkg.com/@codemirror/matchbrackets/-/matchbrackets-0.19.3.tgz#1f430ada6fa21af2205280ff344ef57bb95dd3cb"
  integrity sha512-ljkrBxaLgh8jesroUiBa57pdEwqJamxkukXrJpL9LdyFZVJaF+9TldhztRaMsMZO1XnCSSHQ9sg32iuHo7Sc2g==
  dependencies:
    "@codemirror/language" "^0.19.0"
    "@codemirror/state" "^0.19.0"
    "@codemirror/view" "^0.19.0"
    "@lezer/common" "^0.15.0"

"@codemirror/panel@^0.19.0":
  version "0.19.1"
  resolved "https://registry.yarnpkg.com/@codemirror/panel/-/panel-0.19.1.tgz#bf77d27b962cf16357139e50864d0eb69d634441"
  integrity sha512-sYeOCMA3KRYxZYJYn5PNlt9yNsjy3zTNTrbYSfVgjgL9QomIVgOJWPO5hZ2sTN8lufO6lw0vTBsIPL9MSidmBg==
  dependencies:
    "@codemirror/state" "^0.19.0"
    "@codemirror/view" "^0.19.0"

"@codemirror/rangeset@^0.19.0", "@codemirror/rangeset@^0.19.1", "@codemirror/rangeset@^0.19.5":
  version "0.19.5"
  resolved "https://registry.yarnpkg.com/@codemirror/rangeset/-/rangeset-0.19.5.tgz#82dd2583324f5d5ffacf58922170bc5f3010e076"
  integrity sha512-L3b+RIwIRKOJ3pJLOtpkxCUjGnxZKFyPb0CjYWKnVLuzEIaEExWWK7sp6rsejxOy8RjYzfCHlFhYB4UdQN7brw==
  dependencies:
    "@codemirror/state" "^0.19.0"

"@codemirror/rectangular-selection@^0.19.0":
  version "0.19.1"
  resolved "https://registry.yarnpkg.com/@codemirror/rectangular-selection/-/rectangular-selection-0.19.1.tgz#5a88ece4fb68ce5682539497db8a64fc015aae63"
  integrity sha512-9ElnqOg3mpZIWe0prPRd1SZ48Q9QB3bR8Aocq8UtjboJSUG8ABhRrbuTZMW/rMqpBPSjVpCe9xkCCkEQMYQVmw==
  dependencies:
    "@codemirror/state" "^0.19.0"
    "@codemirror/text" "^0.19.4"
    "@codemirror/view" "^0.19.0"

"@codemirror/search@^0.19.0":
  version "0.19.5"
  resolved "https://registry.yarnpkg.com/@codemirror/search/-/search-0.19.5.tgz#cae88292a6b4a6d6e6a8b6218fe62355cf7f6055"
  integrity sha512-9kbtCBpMDlzcj7AptMRBx9BZpC5wz+/tG8nIe4vdpOszP08ZY2AcxN5nlhCoUSZu+pd0b6fYiwjLXOf000rRpw==
  dependencies:
    "@codemirror/panel" "^0.19.0"
    "@codemirror/rangeset" "^0.19.0"
    "@codemirror/state" "^0.19.3"
    "@codemirror/text" "^0.19.0"
    "@codemirror/view" "^0.19.0"
    crelt "^1.0.5"

"@codemirror/state@^0.19.0", "@codemirror/state@^0.19.2", "@codemirror/state@^0.19.3", "@codemirror/state@^0.19.4", "@codemirror/state@^0.19.5":
  version "0.19.6"
  resolved "https://registry.yarnpkg.com/@codemirror/state/-/state-0.19.6.tgz#d631f041d39ce41b7891b099fca26cb1fdb9763e"
  integrity sha512-sqIQZE9VqwQj7D4c2oz9mfLhlT1ElAzGB5lO1lE33BPyrdNy1cJyCIOecT4cn4VeJOFrnjOeu+IftZ3zqdFETw==
  dependencies:
    "@codemirror/text" "^0.19.0"

"@codemirror/text@^0.19.0", "@codemirror/text@^0.19.2", "@codemirror/text@^0.19.4":
  version "0.19.5"
  resolved "https://registry.yarnpkg.com/@codemirror/text/-/text-0.19.5.tgz#75033af2476214e79eae22b81ada618815441c18"
  integrity sha512-Syu5Xc7tZzeUAM/y4fETkT0zgGr48rDG+w4U38bPwSIUr+L9S/7w2wDE1WGNzjaZPz12F6gb1gxWiSTg9ocLow==

"@codemirror/theme-one-dark@^0.19.1":
  version "0.19.1"
  resolved "https://registry.yarnpkg.com/@codemirror/theme-one-dark/-/theme-one-dark-0.19.1.tgz#648b9cbe37186a2b7bd2a83fb483dc7aa18ce218"
  integrity sha512-8gc4c2k2o/EhyHoWkghCxp5vyDT96JaFGtRy35PHwIom0LZdx7aU4AbDUnITvwiFB+0+i54VO+WQjBqgTyJvqg==
  dependencies:
    "@codemirror/highlight" "^0.19.0"
    "@codemirror/state" "^0.19.0"
    "@codemirror/view" "^0.19.0"

"@codemirror/tooltip@^0.19.0", "@codemirror/tooltip@^0.19.5":
  version "0.19.10"
  resolved "https://registry.yarnpkg.com/@codemirror/tooltip/-/tooltip-0.19.10.tgz#c9ce5f8844ef28ab24d4a5adab0fc7ed85c44b4a"
  integrity sha512-xqIhCHr+IYoamdNLvBnU/oDh92zPnsbT1zLaFtKTFi9GI9SxOfBhWY3jfMENlK0j1C9rk8+AvwpXblPGvY/O6w==
  dependencies:
    "@codemirror/state" "^0.19.0"
    "@codemirror/view" "^0.19.0"

"@codemirror/view@^0.19.0", "@codemirror/view@^0.19.15", "@codemirror/view@^0.19.22", "@codemirror/view@^0.19.23", "@codemirror/view@^0.19.31":
  version "0.19.37"
  resolved "https://registry.yarnpkg.com/@codemirror/view/-/view-0.19.37.tgz#36fe17c774525c775af57e7dde2867b3b7cb400f"
  integrity sha512-SLuLx9p0O1ZHXLehvl5MwSvUrQRcsNGemzTgJ0zRajmc3BBsNigI1PXxdo7tvBhO5DcAzRRBXoke9DZFUR6Qqg==
  dependencies:
    "@codemirror/rangeset" "^0.19.5"
    "@codemirror/state" "^0.19.3"
    "@codemirror/text" "^0.19.0"
    style-mod "^4.0.0"
    w3c-keyname "^2.2.4"

"@lezer/common@^0.15.0", "@lezer/common@^0.15.5":
  version "0.15.11"
  resolved "https://registry.yarnpkg.com/@lezer/common/-/common-0.15.11.tgz#965b5067036305f12e8a3efc344076850be1d3a8"
  integrity sha512-vv0nSdIaVCRcJ8rPuDdsrNVfBOYe/4Szr/LhF929XyDmBndLDuWiCCHooGlGlJfzELyO608AyDhVsuX/ZG36NA==

"@lezer/javascript@^0.15.1":
  version "0.15.2"
  resolved "https://registry.yarnpkg.com/@lezer/javascript/-/javascript-0.15.2.tgz#50b70a02561b047947e050e0619b1aea7131dc5f"
  integrity sha512-ytWvdJ1NAc0pfrNipGQs8otJVfjVibpIiFKH0fl99rKSA6cVlyQN/XTj/dEAQCfBfCBPAFdc30cuUe5CGZ0odA==
  dependencies:
    "@lezer/lr" "^0.15.0"

"@lezer/lr@^0.15.0":
  version "0.15.5"
  resolved "https://registry.yarnpkg.com/@lezer/lr/-/lr-0.15.5.tgz#4bce44169c441d9dda7be398f5202ea65c5f1138"
  integrity sha512-DEcLyhdmBxD1foQe7RegLrSlfS/XaTMGLkO5evkzHWAQKh/JnFWp7j7iNB7s2EpxzRrBCh0U+W7JDCeFhv2mng==
  dependencies:
    "@lezer/common" "^0.15.0"

"@lezer/rust@^0.15.0":
  version "0.15.0"
  resolved "https://registry.yarnpkg.com/@lezer/rust/-/rust-0.15.0.tgz#ddf89cae9d01c46f583162cff4ac71d1b39c1c0f"
  integrity sha512-vq7P0P9478Y4J0cKuwChNJjoZBNERyqBJ4wG94gYORKqXmUei/GtIAxu1Ei24BJRPrVHrg0NmC6daFd+i1re1Q==
  dependencies:
    "@lezer/lr" "^0.15.0"

"@uiw/react-codemirror@^4.3.2":
  version "4.3.2"
  resolved "https://registry.yarnpkg.com/@uiw/react-codemirror/-/react-codemirror-4.3.2.tgz#49a9fa88120f56fe0086c4162b048a63df251a75"
  integrity sha512-F7pYYN7nLr7kBQVGkVaDPEETHdNypQnlbMFNdHyFU0i8K0rH+cbBtEQUz+F+kwVY8rgeXXxY/VJ3/yiptJ9pPg==
  dependencies:
    "@babel/runtime" "^7.16.3"
    "@codemirror/basic-setup" "^0.19.0"
    "@codemirror/state" "^0.19.5"
    "@codemirror/theme-one-dark" "^0.19.1"
    "@codemirror/view" "^0.19.15"

crelt@^1.0.5:
  version "1.0.5"
  resolved "https://registry.yarnpkg.com/crelt/-/crelt-1.0.5.tgz#57c0d52af8c859e354bace1883eb2e1eb182bb94"
  integrity sha512-+BO9wPPi+DWTDcNYhr/W90myha8ptzftZT+LwcmUbbok0rcP/fequmFYCw8NMoH7pkAZQzU78b3kYrlua5a9eA==

dotenv@^10.0.0:
  version "10.0.0"
  resolved "https://registry.yarnpkg.com/dotenv/-/dotenv-10.0.0.tgz#3d4227b8fb95f81096cdd2b66653fb2c7085ba81"
  integrity sha512-rlBi9d8jpv9Sf1klPjNfFAuWDjKLwTIJJ/VxtoTwIR6hnZxcEOQCZg2oIL3MWBYw5GpUDKOEnND7LXTbIpQ03Q==

regenerator-runtime@^0.13.4:
  version "0.13.9"
  resolved "https://registry.yarnpkg.com/regenerator-runtime/-/regenerator-runtime-0.13.9.tgz#8925742a98ffd90814988d7566ad30ca3b263b52"
  integrity sha512-p3VT+cOEgxFsRRA9X4lkI1E+k2/CtnKtU4gcxyaCUreilL/vqI6CdZ3wxVUx3UOUg+gnUOQQcRI7BmSI656MYA==

style-mod@^4.0.0:
  version "4.0.0"
  resolved "https://registry.yarnpkg.com/style-mod/-/style-mod-4.0.0.tgz#97e7c2d68b592975f2ca7a63d0dd6fcacfe35a01"
  integrity sha512-OPhtyEjyyN9x3nhPsu76f52yUGXiZcgvsrFVtvTkyGRQJ0XK+GPc6ov1z+lRpbeabka+MYEQxOYRnt5nF30aMw==

w3c-keyname@^2.2.4:
  version "2.2.4"
  resolved "https://registry.yarnpkg.com/w3c-keyname/-/w3c-keyname-2.2.4.tgz#4ade6916f6290224cdbd1db8ac49eab03d0eef6b"
  integrity sha512-tOhfEwEzFLJzf6d1ZPkYfGj+FWhIpBux9ppoP3rlclw3Z0BZv3N7b7030Z1kYth+6rDuAsXUFr+d0VE6Ed1ikw==
